{
  "version": 4,
  "terraform_version": "1.2.9",
  "serial": 149,
  "lineage": "b1a42c36-95e2-a7bc-14f0-1b731ce753b4",
  "outputs": {
    "FoggyKitchenContainerInstance_IPS1": {
      "value": {
        "availability_domain": "GrCh:eu-amsterdam-1-AD-1",
        "compartment_id": "ocid1.compartment.oc1..aaaaaaaayxvhhjidfxsq35muvshgxv62ac2mn6mi2yo2xqzsq53jgkuozfwq",
        "defined_tags": {},
        "display_name": "vnic-jwba",
        "freeform_tags": {},
        "hostname_label": "vnic-jwba",
        "id": "ocid1.privateip.oc1.eu-amsterdam-1.abqw2ljrnw7bayjbd5vuni6yb4q4xkb7fkmn6n5sqvlimip5axvz66tzx2qq",
        "ip_address": "10.20.30.84",
        "is_primary": true,
        "is_reserved": false,
        "subnet_id": "ocid1.subnet.oc1.eu-amsterdam-1.aaaaaaaa7pjmkljotnrrv74rxac6np6nsgo4txgd45k6eme3n2exls6x5bua",
        "time_created": "2023-04-24 14:56:04.716 +0000 UTC",
        "vlan_id": "",
        "vnic_id": "ocid1.vnic.oc1.eu-amsterdam-1.abqw2ljrqbihhftfl2b5ffqzspa47d5wxyz7dgic7avibmbd53h66oovpnmq"
      },
      "type": [
        "object",
        {
          "availability_domain": "string",
          "compartment_id": "string",
          "defined_tags": [
            "map",
            "string"
          ],
          "display_name": "string",
          "freeform_tags": [
            "map",
            "string"
          ],
          "hostname_label": "string",
          "id": "string",
          "ip_address": "string",
          "is_primary": "bool",
          "is_reserved": "bool",
          "subnet_id": "string",
          "time_created": "string",
          "vlan_id": "string",
          "vnic_id": "string"
        }
      ]
    },
    "FoggyKitchenContainerInstance_VNIC1_OCID": {
      "value": "ocid1.vnic.oc1.eu-amsterdam-1.abqw2ljrqbihhftfl2b5ffqzspa47d5wxyz7dgic7avibmbd53h66oovpnmq",
      "type": "string"
    }
  },
  "resources": [
    {
      "mode": "data",
      "type": "oci_core_private_ips",
      "name": "FoggyKitchenContainerInstance_IPS1",
      "provider": "provider[\"registry.terraform.io/oracle/oci\"].targetregion",
      "instances": [
        {
          "schema_version": 0,
          "attributes": {
            "filter": null,
            "id": "CorePrivateIpsDataSource-377970708",
            "ip_address": null,
            "private_ips": [
              {
                "availability_domain": "GrCh:eu-amsterdam-1-AD-1",
                "compartment_id": "ocid1.compartment.oc1..aaaaaaaayxvhhjidfxsq35muvshgxv62ac2mn6mi2yo2xqzsq53jgkuozfwq",
                "defined_tags": {},
                "display_name": "vnic-jwba",
                "freeform_tags": {},
                "hostname_label": "vnic-jwba",
                "id": "ocid1.privateip.oc1.eu-amsterdam-1.abqw2ljrnw7bayjbd5vuni6yb4q4xkb7fkmn6n5sqvlimip5axvz66tzx2qq",
                "ip_address": "10.20.30.84",
                "is_primary": true,
                "is_reserved": false,
                "subnet_id": "ocid1.subnet.oc1.eu-amsterdam-1.aaaaaaaa7pjmkljotnrrv74rxac6np6nsgo4txgd45k6eme3n2exls6x5bua",
                "time_created": "2023-04-24 14:56:04.716 +0000 UTC",
                "vlan_id": "",
                "vnic_id": "ocid1.vnic.oc1.eu-amsterdam-1.abqw2ljrqbihhftfl2b5ffqzspa47d5wxyz7dgic7avibmbd53h66oovpnmq"
              }
            ],
            "subnet_id": "ocid1.subnet.oc1.eu-amsterdam-1.aaaaaaaa7pjmkljotnrrv74rxac6np6nsgo4txgd45k6eme3n2exls6x5bua",
            "vlan_id": null,
            "vnic_id": "ocid1.vnic.oc1.eu-amsterdam-1.abqw2ljrqbihhftfl2b5ffqzspa47d5wxyz7dgic7avibmbd53h66oovpnmq"
          },
          "sensitive_attributes": []
        }
      ]
    },
    {
      "mode": "data",
      "type": "oci_core_vnic",
      "name": "FoggyKitchenContainerInstanceVnic",
      "provider": "provider[\"registry.terraform.io/oracle/oci\"]",
      "instances": [
        {
          "schema_version": 0,
          "attributes": {
            "availability_domain": null,
            "compartment_id": null,
            "defined_tags": null,
            "display_name": null,
            "freeform_tags": null,
            "hostname_label": null,
            "id": null,
            "is_primary": null,
            "mac_address": null,
            "nsg_ids": null,
            "private_ip_address": null,
            "public_ip_address": null,
            "skip_source_dest_check": null,
            "state": null,
            "subnet_id": null,
            "time_created": null,
            "vlan_id": null,
            "vnic_id": null
          },
          "sensitive_attributes": []
        }
      ]
    },
    {
      "mode": "data",
      "type": "oci_identity_availability_domains",
      "name": "ADs",
      "provider": "provider[\"registry.terraform.io/oracle/oci\"].targetregion",
      "instances": [
        {
          "schema_version": 0,
          "attributes": {
            "availability_domains": [
              {
                "compartment_id": "ocid1.tenancy.oc1..aaaaaaaajznex5attydtrmrgudwayqu7kn4krasw2ct4h4pwz7nwbfxoyd4q",
                "id": "ocid1.availabilitydomain.oc1..aaaaaaaaluor6lyhbyxbd5dbpmcsytcidprtrzmzmuf5hydnprk5aze7ik3a",
                "name": "GrCh:eu-amsterdam-1-AD-1"
              }
            ],
            "compartment_id": "ocid1.tenancy.oc1..aaaaaaaajznex5attydtrmrgudwayqu7kn4krasw2ct4h4pwz7nwbfxoyd4q",
            "filter": null,
            "id": "IdentityAvailabilityDomainsDataSource-3269541301"
          },
          "sensitive_attributes": []
        }
      ]
    },
    {
      "mode": "data",
      "type": "oci_identity_region_subscriptions",
      "name": "home_region_subscriptions",
      "provider": "provider[\"registry.terraform.io/oracle/oci\"]",
      "instances": [
        {
          "schema_version": 0,
          "attributes": {
            "filter": [
              {
                "name": "is_home_region",
                "regex": false,
                "values": [
                  "true"
                ]
              }
            ],
            "id": "IdentityRegionSubscriptionsDataSource-3269541301",
            "region_subscriptions": [
              {
                "is_home_region": true,
                "region_key": "IAD",
                "region_name": "us-ashburn-1",
                "state": "READY",
                "tenancy_id": ""
              }
            ],
            "tenancy_id": "ocid1.tenancy.oc1..aaaaaaaajznex5attydtrmrgudwayqu7kn4krasw2ct4h4pwz7nwbfxoyd4q"
          },
          "sensitive_attributes": []
        }
      ]
    },
    {
      "mode": "data",
      "type": "oci_identity_regions",
      "name": "oci_regions",
      "provider": "provider[\"registry.terraform.io/oracle/oci\"].homeregion",
      "instances": [
        {
          "schema_version": 0,
          "attributes": {
            "filter": [
              {
                "name": "name",
                "regex": false,
                "values": [
                  "eu-amsterdam-1"
                ]
              }
            ],
            "id": "IdentityRegionsDataSource-0",
            "regions": [
              {
                "key": "AMS",
                "name": "eu-amsterdam-1"
              }
            ]
          },
          "sensitive_attributes": []
        }
      ]
    },
    {
      "mode": "data",
      "type": "oci_objectstorage_namespace",
      "name": "test_namespace",
      "provider": "provider[\"registry.terraform.io/oracle/oci\"].homeregion",
      "instances": [
        {
          "schema_version": 0,
          "attributes": {
            "compartment_id": "ocid1.tenancy.oc1..aaaaaaaajznex5attydtrmrgudwayqu7kn4krasw2ct4h4pwz7nwbfxoyd4q",
            "id": "ObjectStorageNamespaceDataSource-3269541301",
            "namespace": "ociobenablement"
          },
          "sensitive_attributes": []
        }
      ]
    },
    {
      "mode": "data",
      "type": "template_file",
      "name": "dockerfile_deployment",
      "provider": "provider[\"registry.terraform.io/hashicorp/template\"]",
      "instances": [
        {
          "schema_version": 0,
          "attributes": {
            "filename": null,
            "id": "1ac7ce1728be676fb9c803f88f073d72624b667d3ceea17887a0b0f700132721",
            "rendered": "FROM nginx:mainline-alpine\nCOPY ./index.html /usr/share/nginx/html/index.html",
            "template": "FROM nginx:mainline-alpine\nCOPY ./index.html /usr/share/nginx/html/index.html",
            "vars": null
          },
          "sensitive_attributes": []
        }
      ]
    },
    {
      "mode": "data",
      "type": "template_file",
      "name": "indexhtml_deployment",
      "provider": "provider[\"registry.terraform.io/hashicorp/template\"]",
      "instances": [
        {
          "schema_version": 0,
          "attributes": {
            "filename": null,
            "id": "f1708f84b83fab648444befba3eb33e5e75fb7fa8f0f2fdeb30b46c9af6551af",
            "rendered": "Hello, here is FoggyKitchen.com deployed in OKE based on image taken from OCIR (ams.ocir.io/ociobenablement/fknginx/fknginx:latest)!",
            "template": "Hello, here is FoggyKitchen.com deployed in OKE based on image taken from OCIR (${image_url})!",
            "vars": {
              "image_url": "ams.ocir.io/ociobenablement/fknginx/fknginx:latest"
            }
          },
          "sensitive_attributes": []
        }
      ]
    },
    {
      "mode": "managed",
      "type": "local_file",
      "name": "dockerfile_deployment",
      "provider": "provider[\"registry.terraform.io/hashicorp/local\"]",
      "instances": [
        {
          "schema_version": 0,
          "attributes": {
            "content": "FROM nginx:mainline-alpine\nCOPY ./index.html /usr/share/nginx/html/index.html",
            "content_base64": null,
            "directory_permission": "0777",
            "file_permission": "0777",
            "filename": "./dockerfile",
            "id": "9c05f8f8371a058f5c017c23419828e747c26895",
            "sensitive_content": null,
            "source": null
          },
          "sensitive_attributes": [],
          "dependencies": [
            "data.template_file.dockerfile_deployment"
          ]
        }
      ]
    },
    {
      "mode": "managed",
      "type": "local_file",
      "name": "indexhtml_deployment",
      "provider": "provider[\"registry.terraform.io/hashicorp/local\"]",
      "instances": [
        {
          "schema_version": 0,
          "attributes": {
            "content": "Hello, here is FoggyKitchen.com deployed in OKE based on image taken from OCIR (ams.ocir.io/ociobenablement/fknginx/fknginx:latest)!",
            "content_base64": null,
            "directory_permission": "0777",
            "file_permission": "0777",
            "filename": "./index.html",
            "id": "23e28965233454dc7a71965476fc9742ef81e5c9",
            "sensitive_content": null,
            "source": null
          },
          "sensitive_attributes": [],
          "dependencies": [
            "data.oci_identity_region_subscriptions.home_region_subscriptions",
            "data.oci_identity_regions.oci_regions",
            "data.oci_objectstorage_namespace.test_namespace",
            "data.template_file.indexhtml_deployment"
          ]
        }
      ]
    },
    {
      "mode": "managed",
      "type": "null_resource",
      "name": "deploy_to_ocir",
      "provider": "provider[\"registry.terraform.io/hashicorp/null\"]",
      "instances": [
        {
          "schema_version": 0,
          "attributes": {
            "id": "5266306891508018367",
            "triggers": null
          },
          "sensitive_attributes": [],
          "dependencies": [
            "data.oci_identity_region_subscriptions.home_region_subscriptions",
            "data.oci_identity_regions.oci_regions",
            "data.oci_objectstorage_namespace.test_namespace",
            "data.template_file.dockerfile_deployment",
            "data.template_file.indexhtml_deployment",
            "local_file.dockerfile_deployment",
            "local_file.indexhtml_deployment",
            "oci_artifacts_container_repository.FoggyKitchenArtifactsContainerRepository",
            "oci_identity_compartment.FoggyKitchenCompartment"
          ]
        }
      ]
    },
    {
      "mode": "managed",
      "type": "oci_artifacts_container_repository",
      "name": "FoggyKitchenArtifactsContainerRepository",
      "provider": "provider[\"registry.terraform.io/oracle/oci\"].targetregion",
      "instances": [
        {
          "schema_version": 0,
          "attributes": {
            "billable_size_in_gbs": "0",
            "compartment_id": "ocid1.compartment.oc1..aaaaaaaayxvhhjidfxsq35muvshgxv62ac2mn6mi2yo2xqzsq53jgkuozfwq",
            "created_by": "ocid1.user.oc1..aaaaaaaawobz6urjpwza5z44newqzdn3fyrmeyget62ffp3asvynf2gpjx6q",
            "display_name": "fknginx/fknginx",
            "id": "ocid1.containerrepo.oc1.eu-amsterdam-1.0.ociobenablement.aaaaaaaakchxtlyeabnv4ud7bvshvuouam3bciqypp3mizuywdzecsnjmvja",
            "image_count": 1,
            "is_immutable": false,
            "is_public": false,
            "layer_count": 9,
            "layers_size_in_bytes": "16676358",
            "readme": [],
            "state": "AVAILABLE",
            "time_created": "2023-04-24 14:55:38.75 +0000 UTC",
            "time_last_pushed": "2023-04-24 14:55:52.409 +0000 UTC",
            "timeouts": null
          },
          "sensitive_attributes": [],
          "private": "eyJlMmJmYjczMC1lY2FhLTExZTYtOGY4OC0zNDM2M2JjN2M0YzAiOnsiY3JlYXRlIjoxMjAwMDAwMDAwMDAwLCJkZWxldGUiOjEyMDAwMDAwMDAwMDAsInVwZGF0ZSI6MTIwMDAwMDAwMDAwMH19",
          "dependencies": [
            "data.oci_identity_region_subscriptions.home_region_subscriptions",
            "oci_identity_compartment.FoggyKitchenCompartment"
          ]
        }
      ]
    },
    {
      "mode": "managed",
      "type": "oci_container_instances_container_instance",
      "name": "FoggyKitchenContainerInstance",
      "provider": "provider[\"registry.terraform.io/oracle/oci\"].targetregion",
      "instances": [
        {
          "schema_version": 0,
          "attributes": {
            "availability_domain": "GrCh:eu-amsterdam-1-AD-1",
            "compartment_id": "ocid1.compartment.oc1..aaaaaaaayxvhhjidfxsq35muvshgxv62ac2mn6mi2yo2xqzsq53jgkuozfwq",
            "container_count": 1,
            "container_restart_policy": "ALWAYS",
            "containers": [
              {
                "additional_capabilities": [],
                "arguments": [],
                "availability_domain": "GrCh:eu-amsterdam-1-AD-1",
                "command": [],
                "compartment_id": "ocid1.compartment.oc1..aaaaaaaayxvhhjidfxsq35muvshgxv62ac2mn6mi2yo2xqzsq53jgkuozfwq",
                "container_id": "ocid1.computecontainer.oc1.eu-amsterdam-1.anqw2ljrnlc5nbyadbwap4uey4452ddgwzye7icnofixuevl6acwlyvrbsgq",
                "container_instance_id": "ocid1.computecontainerinstance.oc1.eu-amsterdam-1.anqw2ljrnlc5nbyazesuqz4nr2kbugz3qsxfaovyuuwmycmpajdca3n7jwba",
                "defined_tags": {
                  "Oracle-Tags.CreatedBy": "identitycloudservice/lukasz.feldman@oracle.com",
                  "Oracle-Tags.CreatedOn": "2023-04-24T14:55:53.011Z",
                  "ops.CreatedBy": "identitycloudservice/lukasz.feldman@oracle.com",
                  "ops.CreationDate": "2023-04-24T14:55:53.011Z"
                },
                "display_name": "FoggyKitchenContainerInstance",
                "environment_variables": {},
                "exit_code": 137,
                "fault_domain": "",
                "freeform_tags": {},
                "health_checks": [
                  {
                    "command": [],
                    "failure_action": "KILL",
                    "failure_threshold": 3,
                    "headers": [],
                    "health_check_type": "HTTP",
                    "initial_delay_in_seconds": 0,
                    "interval_in_seconds": 10,
                    "name": "healthCheck0",
                    "path": "path",
                    "port": 10,
                    "status": "UNKNOWN",
                    "status_details": "",
                    "success_threshold": 1,
                    "timeout_in_seconds": 1
                  }
                ],
                "image_url": "ams.ocir.io/ociobenablement/fknginx/fknginx:latest",
                "is_resource_principal_disabled": false,
                "lifecycle_details": "CONTAINER_TERMINATED",
                "resource_config": [
                  {
                    "memory_limit_in_gbs": 1,
                    "vcpus_limit": 1
                  }
                ],
                "state": "ACTIVE",
                "system_tags": {},
                "time_created": "2023-04-24 14:55:54.055 +0000 UTC",
                "time_terminated": "",
                "time_updated": "2023-04-24 14:56:31.145 +0000 UTC",
                "volume_mounts": [],
                "working_directory": "/mnt"
              }
            ],
            "defined_tags": {
              "Oracle-Tags.CreatedBy": "identitycloudservice/lukasz.feldman@oracle.com",
              "Oracle-Tags.CreatedOn": "2023-04-24T14:55:53.011Z",
              "ops.CreatedBy": "identitycloudservice/lukasz.feldman@oracle.com",
              "ops.CreationDate": "2023-04-24T14:55:53.011Z"
            },
            "display_name": "FoggyKitchenContainerInstance",
            "dns_config": [],
            "fault_domain": null,
            "freeform_tags": {},
            "graceful_shutdown_timeout_in_seconds": "0",
            "id": "ocid1.computecontainerinstance.oc1.eu-amsterdam-1.anqw2ljrnlc5nbyazesuqz4nr2kbugz3qsxfaovyuuwmycmpajdca3n7jwba",
            "image_pull_secrets": [
              {
                "password": "K0tzLkFlOjl9THUwSjBOcGU1V0g=",
                "registry_endpoint": "ams.ocir.io/ociobenablement/fknginx/",
                "secret_id": "",
                "secret_type": "BASIC",
                "username": "b2Npb2JlbmFibGVtZW50L2lkZW50aXR5Y2xvdWRzZXJ2aWNlL2x1a2Fzei5mZWxkbWFuQG9yYWNsZS5jb20="
              }
            ],
            "lifecycle_details": "Active",
            "shape": "CI.Standard.E4.Flex",
            "shape_config": [
              {
                "memory_in_gbs": 2,
                "networking_bandwidth_in_gbps": 1000,
                "ocpus": 1,
                "processor_description": "2.25 GHz AMD EPYC™ 7J13 (Milan)"
              }
            ],
            "state": "ACTIVE",
            "system_tags": {},
            "time_created": "2023-04-24 14:55:54.055 +0000 UTC",
            "time_updated": "2023-04-24 14:56:31.117 +0000 UTC",
            "timeouts": null,
            "vnics": [
              {
                "defined_tags": {},
                "display_name": "vnic-jwba",
                "freeform_tags": {},
                "hostname_label": "vnic-jwba",
                "is_public_ip_assigned": false,
                "nsg_ids": [],
                "private_ip": "10.20.30.84",
                "skip_source_dest_check": false,
                "subnet_id": "ocid1.subnet.oc1.eu-amsterdam-1.aaaaaaaa7pjmkljotnrrv74rxac6np6nsgo4txgd45k6eme3n2exls6x5bua",
                "vnic_id": "ocid1.vnic.oc1.eu-amsterdam-1.abqw2ljrqbihhftfl2b5ffqzspa47d5wxyz7dgic7avibmbd53h66oovpnmq"
              }
            ],
            "volume_count": 0,
            "volumes": []
          },
          "sensitive_attributes": [],
          "private": "eyJlMmJmYjczMC1lY2FhLTExZTYtOGY4OC0zNDM2M2JjN2M0YzAiOnsiY3JlYXRlIjoxMjAwMDAwMDAwMDAwLCJkZWxldGUiOjEyMDAwMDAwMDAwMDAsInVwZGF0ZSI6MTIwMDAwMDAwMDAwMH19",
          "dependencies": [
            "data.oci_identity_availability_domains.ADs",
            "data.oci_identity_region_subscriptions.home_region_subscriptions",
            "data.oci_identity_regions.oci_regions",
            "data.oci_objectstorage_namespace.test_namespace",
            "data.template_file.dockerfile_deployment",
            "data.template_file.indexhtml_deployment",
            "local_file.dockerfile_deployment",
            "local_file.indexhtml_deployment",
            "null_resource.deploy_to_ocir",
            "oci_artifacts_container_repository.FoggyKitchenArtifactsContainerRepository",
            "oci_core_internet_gateway.FoggyKitchenInternetGateway",
            "oci_core_nat_gateway.FoggyKitchenNATGateway",
            "oci_core_route_table.FoggyKitchenVCNPublicRouteTable",
            "oci_core_security_list.FoggyKitchenContainerInstanceSubnetSecurityList",
            "oci_core_subnet.FoggyKitchenContainerInstanceSubnet",
            "oci_core_virtual_network.FoggyKitchenVCN",
            "oci_identity_compartment.FoggyKitchenCompartment"
          ]
        }
      ]
    },
    {
      "mode": "managed",
      "type": "oci_core_internet_gateway",
      "name": "FoggyKitchenInternetGateway",
      "provider": "provider[\"registry.terraform.io/oracle/oci\"].targetregion",
      "instances": [
        {
          "schema_version": 0,
          "attributes": {
            "compartment_id": "ocid1.compartment.oc1..aaaaaaaayxvhhjidfxsq35muvshgxv62ac2mn6mi2yo2xqzsq53jgkuozfwq",
            "defined_tags": {
              "Oracle-Tags.CreatedBy": "identitycloudservice/lukasz.feldman@oracle.com",
              "Oracle-Tags.CreatedOn": "2023-04-24T14:55:39.920Z",
              "ops.CreatedBy": "identitycloudservice/lukasz.feldman@oracle.com",
              "ops.CreationDate": "2023-04-24T14:55:39.920Z"
            },
            "display_name": "FoggyKitchenInternetGateway",
            "enabled": true,
            "freeform_tags": {},
            "id": "ocid1.internetgateway.oc1.eu-amsterdam-1.aaaaaaaavplskezcvfejdlft4ah2udymv3nia7vx6j637quhg66kiesm5nda",
            "route_table_id": null,
            "state": "AVAILABLE",
            "time_created": "2023-04-24 14:55:39.957 +0000 UTC",
            "timeouts": null,
            "vcn_id": "ocid1.vcn.oc1.eu-amsterdam-1.amaaaaaanlc5nbyauysujlk6wmeqewydnlpceggouvkxgaeevneg7yxbzmnq"
          },
          "sensitive_attributes": [],
          "private": "eyJlMmJmYjczMC1lY2FhLTExZTYtOGY4OC0zNDM2M2JjN2M0YzAiOnsiY3JlYXRlIjoxMjAwMDAwMDAwMDAwLCJkZWxldGUiOjEyMDAwMDAwMDAwMDAsInVwZGF0ZSI6MTIwMDAwMDAwMDAwMH19",
          "dependencies": [
            "data.oci_identity_region_subscriptions.home_region_subscriptions",
            "oci_core_virtual_network.FoggyKitchenVCN",
            "oci_identity_compartment.FoggyKitchenCompartment"
          ]
        }
      ]
    },
    {
      "mode": "managed",
      "type": "oci_core_nat_gateway",
      "name": "FoggyKitchenNATGateway",
      "provider": "provider[\"registry.terraform.io/oracle/oci\"].targetregion",
      "instances": [
        {
          "schema_version": 0,
          "attributes": {
            "block_traffic": false,
            "compartment_id": "ocid1.compartment.oc1..aaaaaaaayxvhhjidfxsq35muvshgxv62ac2mn6mi2yo2xqzsq53jgkuozfwq",
            "defined_tags": {
              "Oracle-Tags.CreatedBy": "identitycloudservice/lukasz.feldman@oracle.com",
              "Oracle-Tags.CreatedOn": "2023-04-24T14:55:39.599Z",
              "ops.CreatedBy": "identitycloudservice/lukasz.feldman@oracle.com",
              "ops.CreationDate": "2023-04-24T14:55:39.599Z"
            },
            "display_name": "FoggyKitchenNATGateway",
            "freeform_tags": {},
            "id": "ocid1.natgateway.oc1.eu-amsterdam-1.aaaaaaaaccsxssothlpc7agzppizwvmjgixh25mosn7rgt2us64p45ojbxta",
            "nat_ip": "141.148.243.146",
            "public_ip_id": "ocid1.publicip.oc1.eu-amsterdam-1.aaaaaaaanktfha7h7drk4hgghqeagw7jvmwgiek3ooai726tqsvkzi5dznaq",
            "route_table_id": null,
            "state": "AVAILABLE",
            "time_created": "2023-04-24 14:55:39.936 +0000 UTC",
            "timeouts": null,
            "vcn_id": "ocid1.vcn.oc1.eu-amsterdam-1.amaaaaaanlc5nbyauysujlk6wmeqewydnlpceggouvkxgaeevneg7yxbzmnq"
          },
          "sensitive_attributes": [],
          "private": "eyJlMmJmYjczMC1lY2FhLTExZTYtOGY4OC0zNDM2M2JjN2M0YzAiOnsiY3JlYXRlIjoxMjAwMDAwMDAwMDAwLCJkZWxldGUiOjEyMDAwMDAwMDAwMDAsInVwZGF0ZSI6MTIwMDAwMDAwMDAwMH19",
          "dependencies": [
            "data.oci_identity_region_subscriptions.home_region_subscriptions",
            "oci_core_virtual_network.FoggyKitchenVCN",
            "oci_identity_compartment.FoggyKitchenCompartment"
          ]
        }
      ]
    },
    {
      "mode": "managed",
      "type": "oci_core_public_ip",
      "name": "FoggyKitchenContainerInstance_PublicReservedIP",
      "provider": "provider[\"registry.terraform.io/oracle/oci\"].targetregion",
      "instances": [
        {
          "index_key": 0,
          "schema_version": 0,
          "attributes": {
            "assigned_entity_id": "ocid1.privateip.oc1.eu-amsterdam-1.abqw2ljrnw7bayjbd5vuni6yb4q4xkb7fkmn6n5sqvlimip5axvz66tzx2qq",
            "assigned_entity_type": "PRIVATE_IP",
            "availability_domain": null,
            "compartment_id": "ocid1.compartment.oc1..aaaaaaaayxvhhjidfxsq35muvshgxv62ac2mn6mi2yo2xqzsq53jgkuozfwq",
            "defined_tags": {
              "Oracle-Tags.CreatedBy": "identitycloudservice/lukasz.feldman@oracle.com",
              "Oracle-Tags.CreatedOn": "2023-04-24T15:23:47.251Z",
              "ops.CreatedBy": "identitycloudservice/lukasz.feldman@oracle.com",
              "ops.CreationDate": "2023-04-24T15:23:47.250Z"
            },
            "display_name": "FoggyKitchenContainerInstance_PublicReservedIP",
            "freeform_tags": {},
            "id": "ocid1.publicip.oc1.eu-amsterdam-1.amaaaaaanlc5nbyaryvfntpizvk7r6o6pkhw4pwwnm7r4q4l2z6ts5xon74q",
            "ip_address": "143.47.181.176",
            "lifetime": "RESERVED",
            "private_ip_id": "ocid1.privateip.oc1.eu-amsterdam-1.abqw2ljrnw7bayjbd5vuni6yb4q4xkb7fkmn6n5sqvlimip5axvz66tzx2qq",
            "public_ip_pool_id": null,
            "scope": "REGION",
            "state": "ASSIGNED",
            "time_created": "2023-04-24 15:23:47.48 +0000 UTC",
            "timeouts": null
          },
          "sensitive_attributes": [],
          "private": "eyJlMmJmYjczMC1lY2FhLTExZTYtOGY4OC0zNDM2M2JjN2M0YzAiOnsiY3JlYXRlIjoxMjAwMDAwMDAwMDAwLCJkZWxldGUiOjEyMDAwMDAwMDAwMDAsInVwZGF0ZSI6MTIwMDAwMDAwMDAwMH19",
          "dependencies": [
            "data.oci_core_private_ips.FoggyKitchenContainerInstance_IPS1",
            "data.oci_identity_region_subscriptions.home_region_subscriptions",
            "oci_container_instances_container_instance.FoggyKitchenContainerInstance",
            "oci_identity_compartment.FoggyKitchenCompartment"
          ]
        }
      ]
    },
    {
      "mode": "managed",
      "type": "oci_core_route_table",
      "name": "FoggyKitchenVCNPublicRouteTable",
      "provider": "provider[\"registry.terraform.io/oracle/oci\"].targetregion",
      "instances": [
        {
          "schema_version": 0,
          "attributes": {
            "compartment_id": "ocid1.compartment.oc1..aaaaaaaayxvhhjidfxsq35muvshgxv62ac2mn6mi2yo2xqzsq53jgkuozfwq",
            "defined_tags": {
              "Oracle-Tags.CreatedBy": "identitycloudservice/lukasz.feldman@oracle.com",
              "Oracle-Tags.CreatedOn": "2023-04-24T14:55:41.355Z",
              "ops.CreatedBy": "identitycloudservice/lukasz.feldman@oracle.com",
              "ops.CreationDate": "2023-04-24T14:55:41.355Z"
            },
            "display_name": "FoggyKitchenVCNPublicRouteTable",
            "freeform_tags": {},
            "id": "ocid1.routetable.oc1.eu-amsterdam-1.aaaaaaaaowvw77xw26exdqhvrcxk56dhgphn6thocq2jhypubfyvabyny62q",
            "route_rules": [
              {
                "cidr_block": "",
                "description": "Traffic to/from internet",
                "destination": "0.0.0.0/0",
                "destination_type": "CIDR_BLOCK",
                "network_entity_id": "ocid1.internetgateway.oc1.eu-amsterdam-1.aaaaaaaavplskezcvfejdlft4ah2udymv3nia7vx6j637quhg66kiesm5nda",
                "route_type": ""
              }
            ],
            "state": "AVAILABLE",
            "time_created": "2023-04-24 14:55:41.393 +0000 UTC",
            "timeouts": null,
            "vcn_id": "ocid1.vcn.oc1.eu-amsterdam-1.amaaaaaanlc5nbyauysujlk6wmeqewydnlpceggouvkxgaeevneg7yxbzmnq"
          },
          "sensitive_attributes": [],
          "private": "eyJlMmJmYjczMC1lY2FhLTExZTYtOGY4OC0zNDM2M2JjN2M0YzAiOnsiY3JlYXRlIjoxMjAwMDAwMDAwMDAwLCJkZWxldGUiOjEyMDAwMDAwMDAwMDAsInVwZGF0ZSI6MTIwMDAwMDAwMDAwMH19",
          "dependencies": [
            "data.oci_identity_region_subscriptions.home_region_subscriptions",
            "oci_core_internet_gateway.FoggyKitchenInternetGateway",
            "oci_core_nat_gateway.FoggyKitchenNATGateway",
            "oci_core_virtual_network.FoggyKitchenVCN",
            "oci_identity_compartment.FoggyKitchenCompartment"
          ]
        }
      ]
    },
    {
      "mode": "managed",
      "type": "oci_core_security_list",
      "name": "FoggyKitchenContainerInstanceSubnetSecurityList",
      "provider": "provider[\"registry.terraform.io/oracle/oci\"].targetregion",
      "instances": [
        {
          "schema_version": 0,
          "attributes": {
            "compartment_id": "ocid1.compartment.oc1..aaaaaaaayxvhhjidfxsq35muvshgxv62ac2mn6mi2yo2xqzsq53jgkuozfwq",
            "defined_tags": {
              "Oracle-Tags.CreatedBy": "identitycloudservice/lukasz.feldman@oracle.com",
              "Oracle-Tags.CreatedOn": "2023-04-24T14:55:39.912Z",
              "ops.CreatedBy": "identitycloudservice/lukasz.feldman@oracle.com",
              "ops.CreationDate": "2023-04-24T14:55:39.912Z"
            },
            "display_name": "FoggyKitchenContainerInstanceSubnetSecurityList",
            "egress_security_rules": [
              {
                "description": "",
                "destination": "0.0.0.0/0",
                "destination_type": "CIDR_BLOCK",
                "icmp_options": [],
                "protocol": "all",
                "stateless": false,
                "tcp_options": [],
                "udp_options": []
              }
            ],
            "freeform_tags": {},
            "id": "ocid1.securitylist.oc1.eu-amsterdam-1.aaaaaaaanlmre4iesfa4xwyenugi4cvzgovvleqzhc5vkq327xsns4dk4ukq",
            "ingress_security_rules": [
              {
                "description": "",
                "icmp_options": [
                  {
                    "code": 4,
                    "type": 3
                  }
                ],
                "protocol": "1",
                "source": "0.0.0.0/0",
                "source_type": "CIDR_BLOCK",
                "stateless": false,
                "tcp_options": [],
                "udp_options": []
              },
              {
                "description": "",
                "icmp_options": [],
                "protocol": "6",
                "source": "0.0.0.0/0",
                "source_type": "CIDR_BLOCK",
                "stateless": false,
                "tcp_options": [
                  {
                    "max": 22,
                    "min": 22,
                    "source_port_range": []
                  }
                ],
                "udp_options": []
              },
              {
                "description": "",
                "icmp_options": [],
                "protocol": "6",
                "source": "0.0.0.0/0",
                "source_type": "CIDR_BLOCK",
                "stateless": false,
                "tcp_options": [
                  {
                    "max": 443,
                    "min": 443,
                    "source_port_range": []
                  }
                ],
                "udp_options": []
              },
              {
                "description": "",
                "icmp_options": [],
                "protocol": "6",
                "source": "0.0.0.0/0",
                "source_type": "CIDR_BLOCK",
                "stateless": false,
                "tcp_options": [
                  {
                    "max": 80,
                    "min": 80,
                    "source_port_range": []
                  }
                ],
                "udp_options": []
              }
            ],
            "state": "AVAILABLE",
            "time_created": "2023-04-24 14:55:39.951 +0000 UTC",
            "timeouts": null,
            "vcn_id": "ocid1.vcn.oc1.eu-amsterdam-1.amaaaaaanlc5nbyauysujlk6wmeqewydnlpceggouvkxgaeevneg7yxbzmnq"
          },
          "sensitive_attributes": [],
          "private": "eyJlMmJmYjczMC1lY2FhLTExZTYtOGY4OC0zNDM2M2JjN2M0YzAiOnsiY3JlYXRlIjoxMjAwMDAwMDAwMDAwLCJkZWxldGUiOjEyMDAwMDAwMDAwMDAsInVwZGF0ZSI6MTIwMDAwMDAwMDAwMH19",
          "dependencies": [
            "data.oci_identity_region_subscriptions.home_region_subscriptions",
            "oci_core_virtual_network.FoggyKitchenVCN",
            "oci_identity_compartment.FoggyKitchenCompartment"
          ]
        }
      ]
    },
    {
      "mode": "managed",
      "type": "oci_core_subnet",
      "name": "FoggyKitchenContainerInstanceSubnet",
      "provider": "provider[\"registry.terraform.io/oracle/oci\"].targetregion",
      "instances": [
        {
          "schema_version": 0,
          "attributes": {
            "availability_domain": null,
            "cidr_block": "10.20.30.0/24",
            "compartment_id": "ocid1.compartment.oc1..aaaaaaaayxvhhjidfxsq35muvshgxv62ac2mn6mi2yo2xqzsq53jgkuozfwq",
            "defined_tags": {
              "Oracle-Tags.CreatedBy": "identitycloudservice/lukasz.feldman@oracle.com",
              "Oracle-Tags.CreatedOn": "2023-04-24T14:55:42.116Z",
              "ops.CreatedBy": "identitycloudservice/lukasz.feldman@oracle.com",
              "ops.CreationDate": "2023-04-24T14:55:42.116Z"
            },
            "dhcp_options_id": "ocid1.dhcpoptions.oc1.eu-amsterdam-1.aaaaaaaahpscfhlpcn66zwg4cou76gjhzd2a3k6idov7oetrj5c7z5uzvvjq",
            "display_name": "FoggyKitchenContainerInstanceSubnet",
            "dns_label": "consub",
            "freeform_tags": {},
            "id": "ocid1.subnet.oc1.eu-amsterdam-1.aaaaaaaa7pjmkljotnrrv74rxac6np6nsgo4txgd45k6eme3n2exls6x5bua",
            "ipv6cidr_block": null,
            "ipv6cidr_blocks": [],
            "ipv6virtual_router_ip": null,
            "prohibit_internet_ingress": false,
            "prohibit_public_ip_on_vnic": false,
            "route_table_id": "ocid1.routetable.oc1.eu-amsterdam-1.aaaaaaaaowvw77xw26exdqhvrcxk56dhgphn6thocq2jhypubfyvabyny62q",
            "security_list_ids": [
              "ocid1.securitylist.oc1.eu-amsterdam-1.aaaaaaaanlmre4iesfa4xwyenugi4cvzgovvleqzhc5vkq327xsns4dk4ukq"
            ],
            "state": "AVAILABLE",
            "subnet_domain_name": "consub.fkvcn.oraclevcn.com",
            "time_created": "2023-04-24 14:55:42.186 +0000 UTC",
            "timeouts": null,
            "vcn_id": "ocid1.vcn.oc1.eu-amsterdam-1.amaaaaaanlc5nbyauysujlk6wmeqewydnlpceggouvkxgaeevneg7yxbzmnq",
            "virtual_router_ip": "10.20.30.1",
            "virtual_router_mac": "00:00:17:C0:94:70"
          },
          "sensitive_attributes": [],
          "private": "eyJlMmJmYjczMC1lY2FhLTExZTYtOGY4OC0zNDM2M2JjN2M0YzAiOnsiY3JlYXRlIjoxMjAwMDAwMDAwMDAwLCJkZWxldGUiOjEyMDAwMDAwMDAwMDAsInVwZGF0ZSI6MTIwMDAwMDAwMDAwMH19",
          "dependencies": [
            "data.oci_identity_region_subscriptions.home_region_subscriptions",
            "oci_core_internet_gateway.FoggyKitchenInternetGateway",
            "oci_core_nat_gateway.FoggyKitchenNATGateway",
            "oci_core_route_table.FoggyKitchenVCNPublicRouteTable",
            "oci_core_security_list.FoggyKitchenContainerInstanceSubnetSecurityList",
            "oci_core_virtual_network.FoggyKitchenVCN",
            "oci_identity_compartment.FoggyKitchenCompartment"
          ]
        }
      ]
    },
    {
      "mode": "managed",
      "type": "oci_core_virtual_network",
      "name": "FoggyKitchenVCN",
      "provider": "provider[\"registry.terraform.io/oracle/oci\"].targetregion",
      "instances": [
        {
          "schema_version": 0,
          "attributes": {
            "byoipv6cidr_blocks": [],
            "byoipv6cidr_details": [],
            "cidr_block": "10.20.0.0/16",
            "cidr_blocks": [
              "10.20.0.0/16"
            ],
            "compartment_id": "ocid1.compartment.oc1..aaaaaaaayxvhhjidfxsq35muvshgxv62ac2mn6mi2yo2xqzsq53jgkuozfwq",
            "default_dhcp_options_id": "ocid1.dhcpoptions.oc1.eu-amsterdam-1.aaaaaaaahpscfhlpcn66zwg4cou76gjhzd2a3k6idov7oetrj5c7z5uzvvjq",
            "default_route_table_id": "ocid1.routetable.oc1.eu-amsterdam-1.aaaaaaaaf7unixi3pzi4wbc7tkexjpt3uoqfnyp5yncgdbo6ix7qlf3elwrq",
            "default_security_list_id": "ocid1.securitylist.oc1.eu-amsterdam-1.aaaaaaaakzdwjeu2qfir2ufuv5rk5etv2exbhciqjpemv4igb6odwhbhfsuq",
            "defined_tags": {
              "Oracle-Tags.CreatedBy": "identitycloudservice/lukasz.feldman@oracle.com",
              "Oracle-Tags.CreatedOn": "2023-04-24T14:55:38.676Z",
              "ops.CreatedBy": "identitycloudservice/lukasz.feldman@oracle.com",
              "ops.CreationDate": "2023-04-24T14:55:38.675Z"
            },
            "display_name": "FoggyKitchenVCN",
            "dns_label": "fkvcn",
            "freeform_tags": {},
            "id": "ocid1.vcn.oc1.eu-amsterdam-1.amaaaaaanlc5nbyauysujlk6wmeqewydnlpceggouvkxgaeevneg7yxbzmnq",
            "ipv6cidr_blocks": [],
            "ipv6private_cidr_blocks": [],
            "is_ipv6enabled": false,
            "is_oracle_gua_allocation_enabled": null,
            "state": "AVAILABLE",
            "time_created": "2023-04-24 14:55:38.845 +0000 UTC",
            "timeouts": null,
            "vcn_domain_name": "fkvcn.oraclevcn.com"
          },
          "sensitive_attributes": [],
          "private": "eyJlMmJmYjczMC1lY2FhLTExZTYtOGY4OC0zNDM2M2JjN2M0YzAiOnsiY3JlYXRlIjoxMjAwMDAwMDAwMDAwLCJkZWxldGUiOjEyMDAwMDAwMDAwMDAsInVwZGF0ZSI6MTIwMDAwMDAwMDAwMH19",
          "dependencies": [
            "data.oci_identity_region_subscriptions.home_region_subscriptions",
            "oci_identity_compartment.FoggyKitchenCompartment"
          ]
        }
      ]
    },
    {
      "mode": "managed",
      "type": "oci_identity_compartment",
      "name": "FoggyKitchenCompartment",
      "provider": "provider[\"registry.terraform.io/oracle/oci\"].homeregion",
      "instances": [
        {
          "schema_version": 0,
          "attributes": {
            "compartment_id": "ocid1.compartment.oc1..aaaaaaaaju24rcemwf3k57b2ifgkui4pdpka6cjiecyvzefqpcymc3tbc4ua",
            "defined_tags": {
              "Oracle-Tags.CreatedBy": "identitycloudservice/lukasz.feldman@oracle.com",
              "Oracle-Tags.CreatedOn": "2020-08-27T10:55:50.211Z",
              "OracleInternalReserved.OwnerEmail": "andrea.marchesini@oracle.com",
              "OracleInternalReserved.ServiceType": "Other",
              "ops.CreatedBy": "identitycloudservice/lukasz.feldman@oracle.com",
              "ops.CreationDate": "2020-08-27T10:55:50.211Z"
            },
            "description": "FoggyKitchen Compartment",
            "enable_delete": null,
            "freeform_tags": {},
            "id": "ocid1.compartment.oc1..aaaaaaaayxvhhjidfxsq35muvshgxv62ac2mn6mi2yo2xqzsq53jgkuozfwq",
            "inactive_state": null,
            "is_accessible": true,
            "name": "FoggyKitchenCompartment",
            "state": "ACTIVE",
            "time_created": "2020-08-27 10:55:51.104 +0000 UTC",
            "timeouts": null
          },
          "sensitive_attributes": [],
          "private": "eyJlMmJmYjczMC1lY2FhLTExZTYtOGY4OC0zNDM2M2JjN2M0YzAiOnsiZGVsZXRlIjo1NDAwMDAwMDAwMDAwfX0=",
          "dependencies": [
            "data.oci_identity_region_subscriptions.home_region_subscriptions"
          ]
        }
      ]
    }
  ]
}
